
Microsoft Visual Studio Solution File, Format Version 12.00
# Visual Studio 15
VisualStudioVersion = 15.0.27130.2003
MinimumVisualStudioVersion = 10.0.40219.1
Project("{FAE04EC0-301F-11D3-BF4B-00C04F79EFBC}") = "EmpresasWPF", "EmpresasWPF\EmpresasWPF.csproj", "{2ED6F206-0730-4E94-9067-33E75BEE2670}"
EndProject
Project("{FAE04EC0-301F-11D3-BF4B-00C04F79EFBC}") = "Empresas.Negocio", "Empresas.Negocio\Empresas.Negocio.csproj", "{040D0578-7FC1-464C-982E-C2259A93415B}"
EndProject
Project("{FAE04EC0-301F-11D3-BF4B-00C04F79EFBC}") = "Empresas.Datos", "Empresas.Datos\Empresas.Datos.csproj", "{5C2A78D7-4150-45F8-9885-AB76FE111BE9}"
EndProject
Global
	GlobalSection(SolutionConfigurationPlatforms) = preSolution
		Debug|Any CPU = Debug|Any CPU
		Release|Any CPU = Release|Any CPU
	EndGlobalSection
	GlobalSection(ProjectConfigurationPlatforms) = postSolution
		{2ED6F206-0730-4E94-9067-33E75BEE2670}.Debug|Any CPU.ActiveCfg = Debug|Any CPU
		{2ED6F206-0730-4E94-9067-33E75BEE2670}.Debug|Any CPU.Build.0 = Debug|Any CPU
		{2ED6F206-0730-4E94-9067-33E75BEE2670}.Release|Any CPU.ActiveCfg = Release|Any CPU
		{2ED6F206-0730-4E94-9067-33E75BEE2670}.Release|Any CPU.Build.0 = Release|Any CPU
		{040D0578-7FC1-464C-982E-C2259A93415B}.Debug|Any CPU.ActiveCfg = Debug|Any CPU
		{040D0578-7FC1-464C-982E-C2259A93415B}.Debug|Any CPU.Build.0 = Debug|Any CPU
		{040D0578-7FC1-464C-982E-C2259A93415B}.Release|Any CPU.ActiveCfg = Release|Any CPU
		{040D0578-7FC1-464C-982E-C2259A93415B}.Release|Any CPU.Build.0 = Release|Any CPU
		{5C2A78D7-4150-45F8-9885-AB76FE111BE9}.Debug|Any CPU.ActiveCfg = Debug|Any CPU
		{5C2A78D7-4150-45F8-9885-AB76FE111BE9}.Debug|Any CPU.Build.0 = Debug|Any CPU
		{5C2A78D7-4150-45F8-9885-AB76FE111BE9}.Release|Any CPU.ActiveCfg = Release|Any CPU
		{5C2A78D7-4150-45F8-9885-AB76FE111BE9}.Release|Any CPU.Build.0 = Release|Any CPU
	EndGlobalSection
	GlobalSection(SolutionProperties) = preSolution
		HideSolutionNode = FALSE
	EndGlobalSection
	GlobalSection(ExtensibilityGlobals) = postSolution
		SolutionGuid = {79964EEF-38CE-40FB-846D-337DBC530EA8}
	EndGlobalSection
EndGlobal
